{
  "name": "tp01_daii",
  "version": "1.0.0",
  "lockfileVersion": 3,
  "requires": true,
  "packages": {
    "": {
      "name": "tp01_daii",
      "version": "1.0.0",
      "license": "ISC",
      "dependencies": {
        "tp01_daii": "file:"
      }
    },
    "node_modules/tp01_daii": {
      "resolved": "",
      "link": true
    }
  }
}
